Microsoft Visual Studio Solution File, Format Version 12.00
# Visual Studio 14
VisualStudioVersion = 14.0.25420.1
MinimumVisualStudioVersion = 10.0.40219.1
Project("{D954291E-2A0B-460D-934E-DC6B0785DB48}") = "ForumClient", "ForumClient\ForumClient.shproj", "{D4701EA6-5FDE-45FD-8A9D-19B056B5470C}"
EndProject
Project("{D954291E-2A0B-460D-934E-DC6B0785DB48}") = "ForumClient.Api", "ForumClient.Api\ForumClient.Api.shproj", "{677C9F3F-0710-41E4-AF4C-587A6F797466}"
EndProject
Project("{D954291E-2A0B-460D-934E-DC6B0785DB48}") = "HtmlAgilityPack", "HtmlAgilityPack\HtmlAgilityPack.shproj", "{0907E815-77B0-4A6A-A3D1-1976E086B821}"
EndProject
Project("{FAE04EC0-301F-11D3-BF4B-00C04F79EFBC}") = "ForumClient.Console", "ForumClient.Console\ForumClient.Console.csproj", "{6FF02893-59F1-4568-873A-C9CE5C58FBFA}"
EndProject
Project("{9344BDBB-3E7F-41FC-A0DD-8665D75EE146}") = "ForumClient.iOS", "ForumClient.iOS\ForumClient.iOS.csproj", "{53E4019E-6F90-4312-8DAC-E27D7A9B955A}"
EndProject
Project("{9344BDBB-3E7F-41FC-A0DD-8665D75EE146}") = "ForumClient.Droid", "ForumClient.Droid\ForumClient.Droid.csproj", "{8B619923-662B-46B6-899C-2BB59DC792DD}"
EndProject
Global
	GlobalSection(SharedMSBuildProjectFiles) = preSolution
		HtmlAgilityPack\HtmlAgilityPack.projitems*{0907e815-77b0-4a6a-a3d1-1976e086b821}*SharedItemsImports = 13
		ForumClient.Api\ForumClient.Api.projitems*{25ab034b-d77f-49d8-bebc-d6817532f79e}*SharedItemsImports = 4
		ForumClient\ForumClient.projitems*{25ab034b-d77f-49d8-bebc-d6817532f79e}*SharedItemsImports = 4
		HtmlAgilityPack\HtmlAgilityPack.projitems*{25ab034b-d77f-49d8-bebc-d6817532f79e}*SharedItemsImports = 4
		ForumClient.Api\ForumClient.Api.projitems*{677c9f3f-0710-41e4-af4c-587a6f797466}*SharedItemsImports = 13
		ForumClient.Api\ForumClient.Api.projitems*{6ff02893-59f1-4568-873a-c9ce5c58fbfa}*SharedItemsImports = 4
		HtmlAgilityPack\HtmlAgilityPack.projitems*{6ff02893-59f1-4568-873a-c9ce5c58fbfa}*SharedItemsImports = 4
		ForumClient.Api\ForumClient.Api.projitems*{b7928711-1317-4143-a21a-6a67a2fac3a2}*SharedItemsImports = 4
		ForumClient\ForumClient.projitems*{b7928711-1317-4143-a21a-6a67a2fac3a2}*SharedItemsImports = 4
		HtmlAgilityPack\HtmlAgilityPack.projitems*{b7928711-1317-4143-a21a-6a67a2fac3a2}*SharedItemsImports = 4
		ForumClient\ForumClient.projitems*{d4701ea6-5fde-45fd-8a9d-19b056b5470c}*SharedItemsImports = 13
	EndGlobalSection
	GlobalSection(SolutionConfigurationPlatforms) = preSolution
		Ad-Hoc|Any CPU = Ad-Hoc|Any CPU
		Ad-Hoc|ARM = Ad-Hoc|ARM
		Ad-Hoc|iPhone = Ad-Hoc|iPhone
		Ad-Hoc|iPhoneSimulator = Ad-Hoc|iPhoneSimulator
		Ad-Hoc|x64 = Ad-Hoc|x64
		Ad-Hoc|x86 = Ad-Hoc|x86
		AppStore|Any CPU = AppStore|Any CPU
		AppStore|ARM = AppStore|ARM
		AppStore|iPhone = AppStore|iPhone
		AppStore|iPhoneSimulator = AppStore|iPhoneSimulator
		AppStore|x64 = AppStore|x64
		AppStore|x86 = AppStore|x86
		Debug|Any CPU = Debug|Any CPU
		Debug|ARM = Debug|ARM
		Debug|iPhone = Debug|iPhone
		Debug|iPhoneSimulator = Debug|iPhoneSimulator
		Debug|x64 = Debug|x64
		Debug|x86 = Debug|x86
		Release|Any CPU = Release|Any CPU
		Release|ARM = Release|ARM
		Release|iPhone = Release|iPhone
		Release|iPhoneSimulator = Release|iPhoneSimulator
		Release|x64 = Release|x64
		Release|x86 = Release|x86
	EndGlobalSection
	GlobalSection(ProjectConfigurationPlatforms) = postSolution
		{6FF02893-59F1-4568-873A-C9CE5C58FBFA}.Ad-Hoc|Any CPU.ActiveCfg = Release|iPhoneSimulator
		{6FF02893-59F1-4568-873A-C9CE5C58FBFA}.Ad-Hoc|ARM.ActiveCfg = Release|iPhoneSimulator
		{6FF02893-59F1-4568-873A-C9CE5C58FBFA}.Ad-Hoc|iPhone.ActiveCfg = Release|iPhoneSimulator
		{6FF02893-59F1-4568-873A-C9CE5C58FBFA}.Ad-Hoc|iPhoneSimulator.ActiveCfg = Release|iPhoneSimulator
		{6FF02893-59F1-4568-873A-C9CE5C58FBFA}.Ad-Hoc|x64.ActiveCfg = Release|iPhoneSimulator
		{6FF02893-59F1-4568-873A-C9CE5C58FBFA}.Ad-Hoc|x86.ActiveCfg = Release|iPhoneSimulator
		{6FF02893-59F1-4568-873A-C9CE5C58FBFA}.AppStore|Any CPU.ActiveCfg = Release|iPhoneSimulator
		{6FF02893-59F1-4568-873A-C9CE5C58FBFA}.AppStore|ARM.ActiveCfg = Release|iPhoneSimulator
		{6FF02893-59F1-4568-873A-C9CE5C58FBFA}.AppStore|iPhone.ActiveCfg = Release|iPhoneSimulator
		{6FF02893-59F1-4568-873A-C9CE5C58FBFA}.AppStore|iPhoneSimulator.ActiveCfg = Release|iPhoneSimulator
		{6FF02893-59F1-4568-873A-C9CE5C58FBFA}.AppStore|x64.ActiveCfg = Release|iPhoneSimulator
		{6FF02893-59F1-4568-873A-C9CE5C58FBFA}.AppStore|x86.ActiveCfg = Release|iPhoneSimulator
		{6FF02893-59F1-4568-873A-C9CE5C58FBFA}.Debug|Any CPU.ActiveCfg = Debug|iPhoneSimulator
		{6FF02893-59F1-4568-873A-C9CE5C58FBFA}.Debug|Any CPU.Build.0 = Debug|iPhoneSimulator
		{6FF02893-59F1-4568-873A-C9CE5C58FBFA}.Debug|ARM.ActiveCfg = Debug|iPhoneSimulator
		{6FF02893-59F1-4568-873A-C9CE5C58FBFA}.Debug|iPhone.ActiveCfg = Debug|iPhoneSimulator
		{6FF02893-59F1-4568-873A-C9CE5C58FBFA}.Debug|iPhone.Build.0 = Debug|iPhoneSimulator
		{6FF02893-59F1-4568-873A-C9CE5C58FBFA}.Debug|iPhoneSimulator.ActiveCfg = Debug|iPhoneSimulator
		{6FF02893-59F1-4568-873A-C9CE5C58FBFA}.Debug|iPhoneSimulator.Build.0 = Debug|iPhoneSimulator
		{6FF02893-59F1-4568-873A-C9CE5C58FBFA}.Debug|x64.ActiveCfg = Debug|iPhoneSimulator
		{6FF02893-59F1-4568-873A-C9CE5C58FBFA}.Debug|x86.ActiveCfg = Debug|iPhoneSimulator
		{6FF02893-59F1-4568-873A-C9CE5C58FBFA}.Release|Any CPU.ActiveCfg = Release|iPhoneSimulator
		{6FF02893-59F1-4568-873A-C9CE5C58FBFA}.Release|Any CPU.Build.0 = Release|iPhoneSimulator
		{6FF02893-59F1-4568-873A-C9CE5C58FBFA}.Release|ARM.ActiveCfg = Release|iPhoneSimulator
		{6FF02893-59F1-4568-873A-C9CE5C58FBFA}.Release|iPhone.ActiveCfg = Release|iPhoneSimulator
		{6FF02893-59F1-4568-873A-C9CE5C58FBFA}.Release|iPhone.Build.0 = Release|iPhoneSimulator
		{6FF02893-59F1-4568-873A-C9CE5C58FBFA}.Release|iPhoneSimulator.ActiveCfg = Release|iPhoneSimulator
		{6FF02893-59F1-4568-873A-C9CE5C58FBFA}.Release|iPhoneSimulator.Build.0 = Release|iPhoneSimulator
		{6FF02893-59F1-4568-873A-C9CE5C58FBFA}.Release|x64.ActiveCfg = Release|iPhoneSimulator
		{6FF02893-59F1-4568-873A-C9CE5C58FBFA}.Release|x86.ActiveCfg = Release|iPhoneSimulator
		{53E4019E-6F90-4312-8DAC-E27D7A9B955A}.Ad-Hoc|Any CPU.ActiveCfg = Release|iPhoneSimulator
		{53E4019E-6F90-4312-8DAC-E27D7A9B955A}.Ad-Hoc|ARM.ActiveCfg = Release|iPhoneSimulator
		{53E4019E-6F90-4312-8DAC-E27D7A9B955A}.Ad-Hoc|iPhone.ActiveCfg = Release|iPhone
		{53E4019E-6F90-4312-8DAC-E27D7A9B955A}.Ad-Hoc|iPhoneSimulator.ActiveCfg = Release|iPhoneSimulator
		{53E4019E-6F90-4312-8DAC-E27D7A9B955A}.Ad-Hoc|x64.ActiveCfg = Release|iPhoneSimulator
		{53E4019E-6F90-4312-8DAC-E27D7A9B955A}.Ad-Hoc|x86.ActiveCfg = Release|iPhoneSimulator
		{53E4019E-6F90-4312-8DAC-E27D7A9B955A}.AppStore|Any CPU.ActiveCfg = Release|iPhoneSimulator
		{53E4019E-6F90-4312-8DAC-E27D7A9B955A}.AppStore|ARM.ActiveCfg = Release|iPhoneSimulator
		{53E4019E-6F90-4312-8DAC-E27D7A9B955A}.AppStore|iPhone.ActiveCfg = Release|iPhone
		{53E4019E-6F90-4312-8DAC-E27D7A9B955A}.AppStore|iPhoneSimulator.ActiveCfg = Release|iPhoneSimulator
		{53E4019E-6F90-4312-8DAC-E27D7A9B955A}.AppStore|x64.ActiveCfg = Release|iPhoneSimulator
		{53E4019E-6F90-4312-8DAC-E27D7A9B955A}.AppStore|x86.ActiveCfg = Release|iPhoneSimulator
		{53E4019E-6F90-4312-8DAC-E27D7A9B955A}.Debug|Any CPU.ActiveCfg = Debug|iPhoneSimulator
		{53E4019E-6F90-4312-8DAC-E27D7A9B955A}.Debug|Any CPU.Build.0 = Debug|iPhoneSimulator
		{53E4019E-6F90-4312-8DAC-E27D7A9B955A}.Debug|ARM.ActiveCfg = Debug|iPhone
		{53E4019E-6F90-4312-8DAC-E27D7A9B955A}.Debug|iPhone.ActiveCfg = Debug|iPhone
		{53E4019E-6F90-4312-8DAC-E27D7A9B955A}.Debug|iPhone.Build.0 = Debug|iPhone
		{53E4019E-6F90-4312-8DAC-E27D7A9B955A}.Debug|iPhoneSimulator.ActiveCfg = Debug|iPhoneSimulator
		{53E4019E-6F90-4312-8DAC-E27D7A9B955A}.Debug|iPhoneSimulator.Build.0 = Debug|iPhoneSimulator
		{53E4019E-6F90-4312-8DAC-E27D7A9B955A}.Debug|x64.ActiveCfg = Debug|iPhone
		{53E4019E-6F90-4312-8DAC-E27D7A9B955A}.Debug|x86.ActiveCfg = Debug|iPhone
		{53E4019E-6F90-4312-8DAC-E27D7A9B955A}.Release|Any CPU.ActiveCfg = Release|iPhone
		{53E4019E-6F90-4312-8DAC-E27D7A9B955A}.Release|Any CPU.Build.0 = Release|iPhone
		{53E4019E-6F90-4312-8DAC-E27D7A9B955A}.Release|ARM.ActiveCfg = Release|iPhoneSimulator
		{53E4019E-6F90-4312-8DAC-E27D7A9B955A}.Release|iPhone.ActiveCfg = Release|iPhone
		{53E4019E-6F90-4312-8DAC-E27D7A9B955A}.Release|iPhone.Build.0 = Release|iPhone
		{53E4019E-6F90-4312-8DAC-E27D7A9B955A}.Release|iPhoneSimulator.ActiveCfg = Release|iPhoneSimulator
		{53E4019E-6F90-4312-8DAC-E27D7A9B955A}.Release|iPhoneSimulator.Build.0 = Release|iPhoneSimulator
		{53E4019E-6F90-4312-8DAC-E27D7A9B955A}.Release|x64.ActiveCfg = Release|iPhoneSimulator
		{53E4019E-6F90-4312-8DAC-E27D7A9B955A}.Release|x86.ActiveCfg = Release|iPhoneSimulator
		{8B619923-662B-46B6-899C-2BB59DC792DD}.Ad-Hoc|Any CPU.ActiveCfg = Release|Any CPU
		{8B619923-662B-46B6-899C-2BB59DC792DD}.Ad-Hoc|Any CPU.Build.0 = Release|Any CPU
		{8B619923-662B-46B6-899C-2BB59DC792DD}.Ad-Hoc|Any CPU.Deploy.0 = Release|Any CPU
		{8B619923-662B-46B6-899C-2BB59DC792DD}.Ad-Hoc|ARM.ActiveCfg = Release|Any CPU
		{8B619923-662B-46B6-899C-2BB59DC792DD}.Ad-Hoc|ARM.Build.0 = Release|Any CPU
		{8B619923-662B-46B6-899C-2BB59DC792DD}.Ad-Hoc|ARM.Deploy.0 = Release|Any CPU
		{8B619923-662B-46B6-899C-2BB59DC792DD}.Ad-Hoc|iPhone.ActiveCfg = Release|Any CPU
		{8B619923-662B-46B6-899C-2BB59DC792DD}.Ad-Hoc|iPhone.Build.0 = Release|Any CPU
		{8B619923-662B-46B6-899C-2BB59DC792DD}.Ad-Hoc|iPhone.Deploy.0 = Release|Any CPU
		{8B619923-662B-46B6-899C-2BB59DC792DD}.Ad-Hoc|iPhoneSimulator.ActiveCfg = Release|Any CPU
		{8B619923-662B-46B6-899C-2BB59DC792DD}.Ad-Hoc|iPhoneSimulator.Build.0 = Release|Any CPU
		{8B619923-662B-46B6-899C-2BB59DC792DD}.Ad-Hoc|iPhoneSimulator.Deploy.0 = Release|Any CPU
		{8B619923-662B-46B6-899C-2BB59DC792DD}.Ad-Hoc|x64.ActiveCfg = Release|Any CPU
		{8B619923-662B-46B6-899C-2BB59DC792DD}.Ad-Hoc|x64.Build.0 = Release|Any CPU
		{8B619923-662B-46B6-899C-2BB59DC792DD}.Ad-Hoc|x64.Deploy.0 = Release|Any CPU
		{8B619923-662B-46B6-899C-2BB59DC792DD}.Ad-Hoc|x86.ActiveCfg = Release|Any CPU
		{8B619923-662B-46B6-899C-2BB59DC792DD}.Ad-Hoc|x86.Build.0 = Release|Any CPU
		{8B619923-662B-46B6-899C-2BB59DC792DD}.Ad-Hoc|x86.Deploy.0 = Release|Any CPU
		{8B619923-662B-46B6-899C-2BB59DC792DD}.AppStore|Any CPU.ActiveCfg = Release|Any CPU
		{8B619923-662B-46B6-899C-2BB59DC792DD}.AppStore|Any CPU.Build.0 = Release|Any CPU
		{8B619923-662B-46B6-899C-2BB59DC792DD}.AppStore|Any CPU.Deploy.0 = Release|Any CPU
		{8B619923-662B-46B6-899C-2BB59DC792DD}.AppStore|ARM.ActiveCfg = Release|Any CPU
		{8B619923-662B-46B6-899C-2BB59DC792DD}.AppStore|ARM.Build.0 = Release|Any CPU
		{8B619923-662B-46B6-899C-2BB59DC792DD}.AppStore|ARM.Deploy.0 = Release|Any CPU
		{8B619923-662B-46B6-899C-2BB59DC792DD}.AppStore|iPhone.ActiveCfg = Release|Any CPU
		{8B619923-662B-46B6-899C-2BB59DC792DD}.AppStore|iPhone.Build.0 = Release|Any CPU
		{8B619923-662B-46B6-899C-2BB59DC792DD}.AppStore|iPhone.Deploy.0 = Release|Any CPU
		{8B619923-662B-46B6-899C-2BB59DC792DD}.AppStore|iPhoneSimulator.ActiveCfg = Release|Any CPU
		{8B619923-662B-46B6-899C-2BB59DC792DD}.AppStore|iPhoneSimulator.Build.0 = Release|Any CPU
		{8B619923-662B-46B6-899C-2BB59DC792DD}.AppStore|iPhoneSimulator.Deploy.0 = Release|Any CPU
		{8B619923-662B-46B6-899C-2BB59DC792DD}.AppStore|x64.ActiveCfg = Release|Any CPU
		{8B619923-662B-46B6-899C-2BB59DC792DD}.AppStore|x64.Build.0 = Release|Any CPU
		{8B619923-662B-46B6-899C-2BB59DC792DD}.AppStore|x64.Deploy.0 = Release|Any CPU
		{8B619923-662B-46B6-899C-2BB59DC792DD}.AppStore|x86.ActiveCfg = Release|Any CPU
		{8B619923-662B-46B6-899C-2BB59DC792DD}.AppStore|x86.Build.0 = Release|Any CPU
		{8B619923-662B-46B6-899C-2BB59DC792DD}.AppStore|x86.Deploy.0 = Release|Any CPU
		{8B619923-662B-46B6-899C-2BB59DC792DD}.Debug|Any CPU.ActiveCfg = Debug|Any CPU
		{8B619923-662B-46B6-899C-2BB59DC792DD}.Debug|Any CPU.Build.0 = Debug|Any CPU
		{8B619923-662B-46B6-899C-2BB59DC792DD}.Debug|Any CPU.Deploy.0 = Debug|Any CPU
		{8B619923-662B-46B6-899C-2BB59DC792DD}.Debug|ARM.ActiveCfg = Debug|Any CPU
		{8B619923-662B-46B6-899C-2BB59DC792DD}.Debug|ARM.Build.0 = Debug|Any CPU
		{8B619923-662B-46B6-899C-2BB59DC792DD}.Debug|ARM.Deploy.0 = Debug|Any CPU
		{8B619923-662B-46B6-899C-2BB59DC792DD}.Debug|iPhone.ActiveCfg = Debug|Any CPU
		{8B619923-662B-46B6-899C-2BB59DC792DD}.Debug|iPhone.Build.0 = Debug|Any CPU
		{8B619923-662B-46B6-899C-2BB59DC792DD}.Debug|iPhoneSimulator.ActiveCfg = Debug|Any CPU
		{8B619923-662B-46B6-899C-2BB59DC792DD}.Debug|iPhoneSimulator.Build.0 = Debug|Any CPU
		{8B619923-662B-46B6-899C-2BB59DC792DD}.Debug|x64.ActiveCfg = Debug|Any CPU
		{8B619923-662B-46B6-899C-2BB59DC792DD}.Debug|x64.Build.0 = Debug|Any CPU
		{8B619923-662B-46B6-899C-2BB59DC792DD}.Debug|x64.Deploy.0 = Debug|Any CPU
		{8B619923-662B-46B6-899C-2BB59DC792DD}.Debug|x86.ActiveCfg = Debug|Any CPU
		{8B619923-662B-46B6-899C-2BB59DC792DD}.Debug|x86.Build.0 = Debug|Any CPU
		{8B619923-662B-46B6-899C-2BB59DC792DD}.Debug|x86.Deploy.0 = Debug|Any CPU
		{8B619923-662B-46B6-899C-2BB59DC792DD}.Release|Any CPU.ActiveCfg = Release|Any CPU
		{8B619923-662B-46B6-899C-2BB59DC792DD}.Release|Any CPU.Build.0 = Release|Any CPU
		{8B619923-662B-46B6-899C-2BB59DC792DD}.Release|Any CPU.Deploy.0 = Release|Any CPU
		{8B619923-662B-46B6-899C-2BB59DC792DD}.Release|ARM.ActiveCfg = Release|Any CPU
		{8B619923-662B-46B6-899C-2BB59DC792DD}.Release|ARM.Build.0 = Release|Any CPU
		{8B619923-662B-46B6-899C-2BB59DC792DD}.Release|ARM.Deploy.0 = Release|Any CPU
		{8B619923-662B-46B6-899C-2BB59DC792DD}.Release|iPhone.ActiveCfg = Release|Any CPU
		{8B619923-662B-46B6-899C-2BB59DC792DD}.Release|iPhone.Build.0 = Release|Any CPU
		{8B619923-662B-46B6-899C-2BB59DC792DD}.Release|iPhoneSimulator.ActiveCfg = Release|Any CPU
		{8B619923-662B-46B6-899C-2BB59DC792DD}.Release|iPhoneSimulator.Build.0 = Release|Any CPU
		{8B619923-662B-46B6-899C-2BB59DC792DD}.Release|x64.ActiveCfg = Release|Any CPU
		{8B619923-662B-46B6-899C-2BB59DC792DD}.Release|x64.Build.0 = Release|Any CPU
		{8B619923-662B-46B6-899C-2BB59DC792DD}.Release|x64.Deploy.0 = Release|Any CPU
		{8B619923-662B-46B6-899C-2BB59DC792DD}.Release|x86.ActiveCfg = Release|Any CPU
		{8B619923-662B-46B6-899C-2BB59DC792DD}.Release|x86.Build.0 = Release|Any CPU
		{8B619923-662B-46B6-899C-2BB59DC792DD}.Release|x86.Deploy.0 = Release|Any CPU
	EndGlobalSection
	GlobalSection(SolutionProperties) = preSolution
		HideSolutionNode = FALSE
	EndGlobalSection
EndGlobal
