
Microsoft Visual Studio Solution File, Format Version 12.00
# Visual Studio 2012
Project("{D954291E-2A0B-460D-934E-DC6B0785DB48}") = "ForumClient", "ForumClient\ForumClient.shproj", "{D4701EA6-5FDE-45FD-8A9D-19B056B5470C}"
EndProject
Project("{FAE04EC0-301F-11D3-BF4B-00C04F79EFBC}") = "ForumClient.iOS", "ForumClient.iOS\ForumClient.iOS.csproj", "{B7928711-1317-4143-A21A-6A67A2FAC3A2}"
EndProject
Project("{FAE04EC0-301F-11D3-BF4B-00C04F79EFBC}") = "ForumClient.Droid", "ForumClient.Droid\ForumClient.Droid.csproj", "{25AB034B-D77F-49D8-BEBC-D6817532F79E}"
EndProject
Project("{D954291E-2A0B-460D-934E-DC6B0785DB48}") = "ForumClient.Api", "ForumClient.Api\ForumClient.Api.shproj", "{677C9F3F-0710-41E4-AF4C-587A6F797466}"
EndProject
Project("{FAE04EC0-301F-11D3-BF4B-00C04F79EFBC}") = "ForumClient.Console", "ForumClient.Console\ForumClient.Console.csproj", "{6FF02893-59F1-4568-873A-C9CE5C58FBFA}"
EndProject
Global
	GlobalSection(SolutionConfigurationPlatforms) = preSolution
		Debug|iPhoneSimulator = Debug|iPhoneSimulator
		Release|iPhone = Release|iPhone
		Release|iPhoneSimulator = Release|iPhoneSimulator
		Debug|iPhone = Debug|iPhone
		Debug|Any CPU = Debug|Any CPU
		Release|Any CPU = Release|Any CPU
	EndGlobalSection
	GlobalSection(ProjectConfigurationPlatforms) = postSolution
		{B7928711-1317-4143-A21A-6A67A2FAC3A2}.Debug|iPhoneSimulator.ActiveCfg = Debug|iPhoneSimulator
		{B7928711-1317-4143-A21A-6A67A2FAC3A2}.Debug|iPhoneSimulator.Build.0 = Debug|iPhoneSimulator
		{B7928711-1317-4143-A21A-6A67A2FAC3A2}.Release|iPhone.ActiveCfg = Release|iPhone
		{B7928711-1317-4143-A21A-6A67A2FAC3A2}.Release|iPhone.Build.0 = Release|iPhone
		{B7928711-1317-4143-A21A-6A67A2FAC3A2}.Release|iPhoneSimulator.ActiveCfg = Release|iPhoneSimulator
		{B7928711-1317-4143-A21A-6A67A2FAC3A2}.Release|iPhoneSimulator.Build.0 = Release|iPhoneSimulator
		{B7928711-1317-4143-A21A-6A67A2FAC3A2}.Debug|iPhone.ActiveCfg = Debug|iPhone
		{B7928711-1317-4143-A21A-6A67A2FAC3A2}.Debug|iPhone.Build.0 = Debug|iPhone
		{B7928711-1317-4143-A21A-6A67A2FAC3A2}.Debug|Any CPU.ActiveCfg = Debug|iPhoneSimulator
		{B7928711-1317-4143-A21A-6A67A2FAC3A2}.Debug|Any CPU.Build.0 = Debug|iPhoneSimulator
		{B7928711-1317-4143-A21A-6A67A2FAC3A2}.Release|Any CPU.ActiveCfg = Release|iPhone
		{B7928711-1317-4143-A21A-6A67A2FAC3A2}.Release|Any CPU.Build.0 = Release|iPhone
		{25AB034B-D77F-49D8-BEBC-D6817532F79E}.Debug|iPhoneSimulator.ActiveCfg = Debug|Any CPU
		{25AB034B-D77F-49D8-BEBC-D6817532F79E}.Debug|iPhoneSimulator.Build.0 = Debug|Any CPU
		{25AB034B-D77F-49D8-BEBC-D6817532F79E}.Release|iPhone.ActiveCfg = Release|Any CPU
		{25AB034B-D77F-49D8-BEBC-D6817532F79E}.Release|iPhone.Build.0 = Release|Any CPU
		{25AB034B-D77F-49D8-BEBC-D6817532F79E}.Release|iPhoneSimulator.ActiveCfg = Release|Any CPU
		{25AB034B-D77F-49D8-BEBC-D6817532F79E}.Release|iPhoneSimulator.Build.0 = Release|Any CPU
		{25AB034B-D77F-49D8-BEBC-D6817532F79E}.Debug|iPhone.ActiveCfg = Debug|Any CPU
		{25AB034B-D77F-49D8-BEBC-D6817532F79E}.Debug|iPhone.Build.0 = Debug|Any CPU
		{25AB034B-D77F-49D8-BEBC-D6817532F79E}.Debug|Any CPU.ActiveCfg = Debug|Any CPU
		{25AB034B-D77F-49D8-BEBC-D6817532F79E}.Debug|Any CPU.Build.0 = Debug|Any CPU
		{25AB034B-D77F-49D8-BEBC-D6817532F79E}.Release|Any CPU.ActiveCfg = Release|Any CPU
		{25AB034B-D77F-49D8-BEBC-D6817532F79E}.Release|Any CPU.Build.0 = Release|Any CPU
		{6FF02893-59F1-4568-873A-C9CE5C58FBFA}.Debug|iPhoneSimulator.ActiveCfg = Debug|iPhoneSimulator
		{6FF02893-59F1-4568-873A-C9CE5C58FBFA}.Debug|iPhoneSimulator.Build.0 = Debug|iPhoneSimulator
		{6FF02893-59F1-4568-873A-C9CE5C58FBFA}.Release|iPhone.ActiveCfg = Release|iPhoneSimulator
		{6FF02893-59F1-4568-873A-C9CE5C58FBFA}.Release|iPhone.Build.0 = Release|iPhoneSimulator
		{6FF02893-59F1-4568-873A-C9CE5C58FBFA}.Release|iPhoneSimulator.ActiveCfg = Release|iPhoneSimulator
		{6FF02893-59F1-4568-873A-C9CE5C58FBFA}.Release|iPhoneSimulator.Build.0 = Release|iPhoneSimulator
		{6FF02893-59F1-4568-873A-C9CE5C58FBFA}.Debug|iPhone.ActiveCfg = Debug|iPhoneSimulator
		{6FF02893-59F1-4568-873A-C9CE5C58FBFA}.Debug|iPhone.Build.0 = Debug|iPhoneSimulator
		{6FF02893-59F1-4568-873A-C9CE5C58FBFA}.Debug|Any CPU.ActiveCfg = Debug|iPhoneSimulator
		{6FF02893-59F1-4568-873A-C9CE5C58FBFA}.Debug|Any CPU.Build.0 = Debug|iPhoneSimulator
		{6FF02893-59F1-4568-873A-C9CE5C58FBFA}.Release|Any CPU.ActiveCfg = Release|iPhoneSimulator
		{6FF02893-59F1-4568-873A-C9CE5C58FBFA}.Release|Any CPU.Build.0 = Release|iPhoneSimulator
	EndGlobalSection
EndGlobal
